
Microsoft Visual Studio Solution File, Format Version 12.00
# Visual Studio 2012
Project("{FAE04EC0-301F-11D3-BF4B-00C04F79EFBC}") = "BulkIngest", "BulkIngest\BulkIngest.csproj", "{08EC01D4-A6AA-4C01-9431-5159D2003D35}"
EndProject
Global
	GlobalSection(SolutionConfigurationPlatforms) = preSolution
		Debug|Any CPU = Debug|Any CPU
		Release|Any CPU = Release|Any CPU
	EndGlobalSection
	GlobalSection(ProjectConfigurationPlatforms) = postSolution
		{08EC01D4-A6AA-4C01-9431-5159D2003D35}.Debug|Any CPU.ActiveCfg = Debug|Any CPU
		{08EC01D4-A6AA-4C01-9431-5159D2003D35}.Debug|Any CPU.Build.0 = Debug|Any CPU
		{08EC01D4-A6AA-4C01-9431-5159D2003D35}.Release|Any CPU.ActiveCfg = Release|Any CPU
		{08EC01D4-A6AA-4C01-9431-5159D2003D35}.Release|Any CPU.Build.0 = Release|Any CPU
	EndGlobalSection
	GlobalSection(SolutionProperties) = preSolution
		HideSolutionNode = FALSE
	EndGlobalSection
	GlobalSection(ExtensibilityGlobals) = postSolution
		EnterpriseLibraryConfigurationToolBinariesPath = packages\TransientFaultHandling.Core.5.1.1209.1\lib\NET4
	EndGlobalSection
EndGlobal
